
Microsoft Visual Studio Solution File, Format Version 12.00
# Visual Studio 15
VisualStudioVersion = 15.0.28307.271
MinimumVisualStudioVersion = 10.0.40219.1
Project("{F2A71F9B-5D33-465A-A702-920D77279786}") = "FunctionalDotNet", "FunctionalDotNet\FunctionalDotNet.fsproj", "{C0D9A605-368A-4C08-950C-DA6AE151123E}"
EndProject
Global
	GlobalSection(SolutionConfigurationPlatforms) = preSolution
		Debug|Any CPU = Debug|Any CPU
		Release|Any CPU = Release|Any CPU
	EndGlobalSection
	GlobalSection(ProjectConfigurationPlatforms) = postSolution
		{C0D9A605-368A-4C08-950C-DA6AE151123E}.Debug|Any CPU.ActiveCfg = Debug|Any CPU
		{C0D9A605-368A-4C08-950C-DA6AE151123E}.Debug|Any CPU.Build.0 = Debug|Any CPU
		{C0D9A605-368A-4C08-950C-DA6AE151123E}.Release|Any CPU.ActiveCfg = Release|Any CPU
		{C0D9A605-368A-4C08-950C-DA6AE151123E}.Release|Any CPU.Build.0 = Release|Any CPU
	EndGlobalSection
	GlobalSection(SolutionProperties) = preSolution
		HideSolutionNode = FALSE
	EndGlobalSection
	GlobalSection(ExtensibilityGlobals) = postSolution
		SolutionGuid = {B3D82C73-0244-4456-A72F-A9532E585545}
	EndGlobalSection
EndGlobal
